// !$*UTF8*$!
{
	archiveVersion = 1;
	classes = {
	};
	objectVersion = 46;
	objects = {

/* Begin PBXBuildFile section */
		275C355E13C9053E00B8EE12 /* UIKit.framework in Frameworks */ = {isa = PBXBuildFile; fileRef = 275C355D13C9053E00B8EE12 /* UIKit.framework */; };
		275C356013C9053E00B8EE12 /* Foundation.framework in Frameworks */ = {isa = PBXBuildFile; fileRef = 275C355F13C9053E00B8EE12 /* Foundation.framework */; };
		275C356213C9053E00B8EE12 /* CoreGraphics.framework in Frameworks */ = {isa = PBXBuildFile; fileRef = 275C356113C9053E00B8EE12 /* CoreGraphics.framework */; };
		275C356813C9053E00B8EE12 /* InfoPlist.strings in Resources */ = {isa = PBXBuildFile; fileRef = 275C356613C9053E00B8EE12 /* InfoPlist.strings */; };
		275C356B13C9053E00B8EE12 /* main.m in Sources */ = {isa = PBXBuildFile; fileRef = 275C356A13C9053E00B8EE12 /* main.m */; };
		275C356E13C9053E00B8EE12 /* PlacesAppDelegate.m in Sources */ = {isa = PBXBuildFile; fileRef = 275C356D13C9053E00B8EE12 /* PlacesAppDelegate.m */; };
		275C357113C9053E00B8EE12 /* MainWindow.xib in Resources */ = {isa = PBXBuildFile; fileRef = 275C356F13C9053E00B8EE12 /* MainWindow.xib */; };
		275C359013C90C9C00B8EE12 /* FlickrFetcher.m in Sources */ = {isa = PBXBuildFile; fileRef = 275C358113C90C9C00B8EE12 /* FlickrFetcher.m */; };
		275C359113C90C9C00B8EE12 /* NSObject+SBJSON.m in Sources */ = {isa = PBXBuildFile; fileRef = 275C358513C90C9C00B8EE12 /* NSObject+SBJSON.m */; };
		275C359213C90C9C00B8EE12 /* NSString+SBJSON.m in Sources */ = {isa = PBXBuildFile; fileRef = 275C358713C90C9C00B8EE12 /* NSString+SBJSON.m */; };
		275C359313C90C9C00B8EE12 /* SBJSON.m in Sources */ = {isa = PBXBuildFile; fileRef = 275C358913C90C9C00B8EE12 /* SBJSON.m */; };
		275C359413C90C9C00B8EE12 /* SBJsonBase.m in Sources */ = {isa = PBXBuildFile; fileRef = 275C358B13C90C9C00B8EE12 /* SBJsonBase.m */; };
		275C359513C90C9C00B8EE12 /* SBJsonParser.m in Sources */ = {isa = PBXBuildFile; fileRef = 275C358D13C90C9C00B8EE12 /* SBJsonParser.m */; };
		275C359613C90C9C00B8EE12 /* SBJsonWriter.m in Sources */ = {isa = PBXBuildFile; fileRef = 275C358F13C90C9C00B8EE12 /* SBJsonWriter.m */; };
		275C35B613C9119F00B8EE12 /* TopRatedTableViewController.m in Sources */ = {isa = PBXBuildFile; fileRef = 275C35B513C9119F00B8EE12 /* TopRatedTableViewController.m */; };
		275C35B913C912C300B8EE12 /* MostRecentTableViewController.m in Sources */ = {isa = PBXBuildFile; fileRef = 275C35B813C912C300B8EE12 /* MostRecentTableViewController.m */; };
		27725C8713DFE20400288CE2 /* PlaceTableViewController.m in Sources */ = {isa = PBXBuildFile; fileRef = 27725C8613DFE20400288CE2 /* PlaceTableViewController.m */; };
		27725C9313DFF0B300288CE2 /* PhotoViewController.m in Sources */ = {isa = PBXBuildFile; fileRef = 27725C9213DFF0B300288CE2 /* PhotoViewController.m */; };
/* End PBXBuildFile section */

/* Begin PBXFileReference section */
		275C355913C9053E00B8EE12 /* Places.app */ = {isa = PBXFileReference; explicitFileType = wrapper.application; includeInIndex = 0; path = Places.app; sourceTree = BUILT_PRODUCTS_DIR; };
		275C355D13C9053E00B8EE12 /* UIKit.framework */ = {isa = PBXFileReference; lastKnownFileType = wrapper.framework; name = UIKit.framework; path = System/Library/Frameworks/UIKit.framework; sourceTree = SDKROOT; };
		275C355F13C9053E00B8EE12 /* Foundation.framework */ = {isa = PBXFileReference; lastKnownFileType = wrapper.framework; name = Foundation.framework; path = System/Library/Frameworks/Foundation.framework; sourceTree = SDKROOT; };
		275C356113C9053E00B8EE12 /* CoreGraphics.framework */ = {isa = PBXFileReference; lastKnownFileType = wrapper.framework; name = CoreGraphics.framework; path = System/Library/Frameworks/CoreGraphics.framework; sourceTree = SDKROOT; };
		275C356513C9053E00B8EE12 /* Places-Info.plist */ = {isa = PBXFileReference; lastKnownFileType = text.plist.xml; path = "Places-Info.plist"; sourceTree = "<group>"; };
		275C356713C9053E00B8EE12 /* en */ = {isa = PBXFileReference; lastKnownFileType = text.plist.strings; name = en; path = en.lproj/InfoPlist.strings; sourceTree = "<group>"; };
		275C356913C9053E00B8EE12 /* Places-Prefix.pch */ = {isa = PBXFileReference; lastKnownFileType = sourcecode.c.h; path = "Places-Prefix.pch"; sourceTree = "<group>"; };
		275C356A13C9053E00B8EE12 /* main.m */ = {isa = PBXFileReference; lastKnownFileType = sourcecode.c.objc; path = main.m; sourceTree = "<group>"; };
		275C356C13C9053E00B8EE12 /* PlacesAppDelegate.h */ = {isa = PBXFileReference; lastKnownFileType = sourcecode.c.h; path = PlacesAppDelegate.h; sourceTree = "<group>"; };
		275C356D13C9053E00B8EE12 /* PlacesAppDelegate.m */ = {isa = PBXFileReference; lastKnownFileType = sourcecode.c.objc; path = PlacesAppDelegate.m; sourceTree = "<group>"; };
		275C357013C9053E00B8EE12 /* en */ = {isa = PBXFileReference; lastKnownFileType = file.xib; name = en; path = en.lproj/MainWindow.xib; sourceTree = "<group>"; };
		275C357F13C90C9C00B8EE12 /* FlickrAPIKey.h */ = {isa = PBXFileReference; fileEncoding = 4; lastKnownFileType = sourcecode.c.h; path = FlickrAPIKey.h; sourceTree = "<group>"; };
		275C358013C90C9C00B8EE12 /* FlickrFetcher.h */ = {isa = PBXFileReference; fileEncoding = 4; lastKnownFileType = sourcecode.c.h; path = FlickrFetcher.h; sourceTree = "<group>"; };
		275C358113C90C9C00B8EE12 /* FlickrFetcher.m */ = {isa = PBXFileReference; fileEncoding = 4; lastKnownFileType = sourcecode.c.objc; path = FlickrFetcher.m; sourceTree = "<group>"; };
		275C358313C90C9C00B8EE12 /* JSON.h */ = {isa = PBXFileReference; fileEncoding = 4; lastKnownFileType = sourcecode.c.h; path = JSON.h; sourceTree = "<group>"; };
		275C358413C90C9C00B8EE12 /* NSObject+SBJSON.h */ = {isa = PBXFileReference; fileEncoding = 4; lastKnownFileType = sourcecode.c.h; path = "NSObject+SBJSON.h"; sourceTree = "<group>"; };
		275C358513C90C9C00B8EE12 /* NSObject+SBJSON.m */ = {isa = PBXFileReference; fileEncoding = 4; lastKnownFileType = sourcecode.c.objc; path = "NSObject+SBJSON.m"; sourceTree = "<group>"; };
		275C358613C90C9C00B8EE12 /* NSString+SBJSON.h */ = {isa = PBXFileReference; fileEncoding = 4; lastKnownFileType = sourcecode.c.h; path = "NSString+SBJSON.h"; sourceTree = "<group>"; };
		275C358713C90C9C00B8EE12 /* NSString+SBJSON.m */ = {isa = PBXFileReference; fileEncoding = 4; lastKnownFileType = sourcecode.c.objc; path = "NSString+SBJSON.m"; sourceTree = "<group>"; };
		275C358813C90C9C00B8EE12 /* SBJSON.h */ = {isa = PBXFileReference; fileEncoding = 4; lastKnownFileType = sourcecode.c.h; path = SBJSON.h; sourceTree = "<group>"; };
		275C358913C90C9C00B8EE12 /* SBJSON.m */ = {isa = PBXFileReference; fileEncoding = 4; lastKnownFileType = sourcecode.c.objc; path = SBJSON.m; sourceTree = "<group>"; };
		275C358A13C90C9C00B8EE12 /* SBJsonBase.h */ = {isa = PBXFileReference; fileEncoding = 4; lastKnownFileType = sourcecode.c.h; path = SBJsonBase.h; sourceTree = "<group>"; };
		275C358B13C90C9C00B8EE12 /* SBJsonBase.m */ = {isa = PBXFileReference; fileEncoding = 4; lastKnownFileType = sourcecode.c.objc; path = SBJsonBase.m; sourceTree = "<group>"; };
		275C358C13C90C9C00B8EE12 /* SBJsonParser.h */ = {isa = PBXFileReference; fileEncoding = 4; lastKnownFileType = sourcecode.c.h; path = SBJsonParser.h; sourceTree = "<group>"; };
		275C358D13C90C9C00B8EE12 /* SBJsonParser.m */ = {isa = PBXFileReference; fileEncoding = 4; lastKnownFileType = sourcecode.c.objc; path = SBJsonParser.m; sourceTree = "<group>"; };
		275C358E13C90C9C00B8EE12 /* SBJsonWriter.h */ = {isa = PBXFileReference; fileEncoding = 4; lastKnownFileType = sourcecode.c.h; path = SBJsonWriter.h; sourceTree = "<group>"; };
		275C358F13C90C9C00B8EE12 /* SBJsonWriter.m */ = {isa = PBXFileReference; fileEncoding = 4; lastKnownFileType = sourcecode.c.objc; path = SBJsonWriter.m; sourceTree = "<group>"; };
		275C35B413C9119F00B8EE12 /* TopRatedTableViewController.h */ = {isa = PBXFileReference; fileEncoding = 4; lastKnownFileType = sourcecode.c.h; path = TopRatedTableViewController.h; sourceTree = "<group>"; };
		275C35B513C9119F00B8EE12 /* TopRatedTableViewController.m */ = {isa = PBXFileReference; fileEncoding = 4; lastKnownFileType = sourcecode.c.objc; path = TopRatedTableViewController.m; sourceTree = "<group>"; };
		275C35B713C912C300B8EE12 /* MostRecentTableViewController.h */ = {isa = PBXFileReference; fileEncoding = 4; lastKnownFileType = sourcecode.c.h; path = MostRecentTableViewController.h; sourceTree = "<group>"; };
		275C35B813C912C300B8EE12 /* MostRecentTableViewController.m */ = {isa = PBXFileReference; fileEncoding = 4; lastKnownFileType = sourcecode.c.objc; path = MostRecentTableViewController.m; sourceTree = "<group>"; };
		27725C8513DFE20400288CE2 /* PlaceTableViewController.h */ = {isa = PBXFileReference; fileEncoding = 4; lastKnownFileType = sourcecode.c.h; path = PlaceTableViewController.h; sourceTree = "<group>"; };
		27725C8613DFE20400288CE2 /* PlaceTableViewController.m */ = {isa = PBXFileReference; fileEncoding = 4; lastKnownFileType = sourcecode.c.objc; path = PlaceTableViewController.m; sourceTree = "<group>"; };
		27725C9113DFF0B300288CE2 /* PhotoViewController.h */ = {isa = PBXFileReference; fileEncoding = 4; lastKnownFileType = sourcecode.c.h; path = PhotoViewController.h; sourceTree = "<group>"; };
		27725C9213DFF0B300288CE2 /* PhotoViewController.m */ = {isa = PBXFileReference; fileEncoding = 4; lastKnownFileType = sourcecode.c.objc; path = PhotoViewController.m; sourceTree = "<group>"; };
/* End PBXFileReference section */

/* Begin PBXFrameworksBuildPhase section */
		275C355613C9053E00B8EE12 /* Frameworks */ = {
			isa = PBXFrameworksBuildPhase;
			buildActionMask = 2147483647;
			files = (
				275C355E13C9053E00B8EE12 /* UIKit.framework in Frameworks */,
				275C356013C9053E00B8EE12 /* Foundation.framework in Frameworks */,
				275C356213C9053E00B8EE12 /* CoreGraphics.framework in Frameworks */,
			);
			runOnlyForDeploymentPostprocessing = 0;
		};
/* End PBXFrameworksBuildPhase section */

/* Begin PBXGroup section */
		275C354E13C9053D00B8EE12 = {
			isa = PBXGroup;
			children = (
				275C356313C9053E00B8EE12 /* Places */,
				275C355C13C9053E00B8EE12 /* Frameworks */,
				275C355A13C9053E00B8EE12 /* Products */,
			);
			sourceTree = "<group>";
		};
		275C355A13C9053E00B8EE12 /* Products */ = {
			isa = PBXGroup;
			children = (
				275C355913C9053E00B8EE12 /* Places.app */,
			);
			name = Products;
			sourceTree = "<group>";
		};
		275C355C13C9053E00B8EE12 /* Frameworks */ = {
			isa = PBXGroup;
			children = (
				275C355D13C9053E00B8EE12 /* UIKit.framework */,
				275C355F13C9053E00B8EE12 /* Foundation.framework */,
				275C356113C9053E00B8EE12 /* CoreGraphics.framework */,
			);
			name = Frameworks;
			sourceTree = "<group>";
		};
		275C356313C9053E00B8EE12 /* Places */ = {
			isa = PBXGroup;
			children = (
				275C35B713C912C300B8EE12 /* MostRecentTableViewController.h */,
				275C35B813C912C300B8EE12 /* MostRecentTableViewController.m */,
				27725C9113DFF0B300288CE2 /* PhotoViewController.h */,
				27725C9213DFF0B300288CE2 /* PhotoViewController.m */,
				27725C8513DFE20400288CE2 /* PlaceTableViewController.h */,
				27725C8613DFE20400288CE2 /* PlaceTableViewController.m */,
				275C356C13C9053E00B8EE12 /* PlacesAppDelegate.h */,
				275C356D13C9053E00B8EE12 /* PlacesAppDelegate.m */,
				275C35B413C9119F00B8EE12 /* TopRatedTableViewController.h */,
				275C35B513C9119F00B8EE12 /* TopRatedTableViewController.m */,
				275C356F13C9053E00B8EE12 /* MainWindow.xib */,
				275C356413C9053E00B8EE12 /* Supporting Files */,
			);
			path = Places;
			sourceTree = "<group>";
		};
		275C356413C9053E00B8EE12 /* Supporting Files */ = {
			isa = PBXGroup;
			children = (
				275C358213C90C9C00B8EE12 /* JSON */,
				275C357F13C90C9C00B8EE12 /* FlickrAPIKey.h */,
				275C358013C90C9C00B8EE12 /* FlickrFetcher.h */,
				275C358113C90C9C00B8EE12 /* FlickrFetcher.m */,
				275C356513C9053E00B8EE12 /* Places-Info.plist */,
				275C356613C9053E00B8EE12 /* InfoPlist.strings */,
				275C356913C9053E00B8EE12 /* Places-Prefix.pch */,
				275C356A13C9053E00B8EE12 /* main.m */,
			);
			name = "Supporting Files";
			sourceTree = "<group>";
		};
		275C358213C90C9C00B8EE12 /* JSON */ = {
			isa = PBXGroup;
			children = (
				275C358313C90C9C00B8EE12 /* JSON.h */,
				275C358413C90C9C00B8EE12 /* NSObject+SBJSON.h */,
				275C358513C90C9C00B8EE12 /* NSObject+SBJSON.m */,
				275C358613C90C9C00B8EE12 /* NSString+SBJSON.h */,
				275C358713C90C9C00B8EE12 /* NSString+SBJSON.m */,
				275C358813C90C9C00B8EE12 /* SBJSON.h */,
				275C358913C90C9C00B8EE12 /* SBJSON.m */,
				275C358A13C90C9C00B8EE12 /* SBJsonBase.h */,
				275C358B13C90C9C00B8EE12 /* SBJsonBase.m */,
				275C358C13C90C9C00B8EE12 /* SBJsonParser.h */,
				275C358D13C90C9C00B8EE12 /* SBJsonParser.m */,
				275C358E13C90C9C00B8EE12 /* SBJsonWriter.h */,
				275C358F13C90C9C00B8EE12 /* SBJsonWriter.m */,
			);
			path = JSON;
			sourceTree = "<group>";
		};
/* End PBXGroup section */

/* Begin PBXNativeTarget section */
		275C355813C9053E00B8EE12 /* Places */ = {
			isa = PBXNativeTarget;
			buildConfigurationList = 275C357413C9053E00B8EE12 /* Build configuration list for PBXNativeTarget "Places" */;
			buildPhases = (
				275C355513C9053E00B8EE12 /* Sources */,
				275C355613C9053E00B8EE12 /* Frameworks */,
				275C355713C9053E00B8EE12 /* Resources */,
			);
			buildRules = (
			);
			dependencies = (
			);
			name = Places;
			productName = Places;
			productReference = 275C355913C9053E00B8EE12 /* Places.app */;
			productType = "com.apple.product-type.application";
		};
/* End PBXNativeTarget section */

/* Begin PBXProject section */
		275C355013C9053D00B8EE12 /* Project object */ = {
			isa = PBXProject;
			attributes = {
				ORGANIZATIONNAME = "Mike Goodspeed";
			};
			buildConfigurationList = 275C355313C9053D00B8EE12 /* Build configuration list for PBXProject "Places" */;
			compatibilityVersion = "Xcode 3.2";
			developmentRegion = English;
			hasScannedForEncodings = 0;
			knownRegions = (
				en,
			);
			mainGroup = 275C354E13C9053D00B8EE12;
			productRefGroup = 275C355A13C9053E00B8EE12 /* Products */;
			projectDirPath = "";
			projectRoot = "";
			targets = (
				275C355813C9053E00B8EE12 /* Places */,
			);
		};
/* End PBXProject section */

/* Begin PBXResourcesBuildPhase section */
		275C355713C9053E00B8EE12 /* Resources */ = {
			isa = PBXResourcesBuildPhase;
			buildActionMask = 2147483647;
			files = (
				275C356813C9053E00B8EE12 /* InfoPlist.strings in Resources */,
				275C357113C9053E00B8EE12 /* MainWindow.xib in Resources */,
			);
			runOnlyForDeploymentPostprocessing = 0;
		};
/* End PBXResourcesBuildPhase section */

/* Begin PBXSourcesBuildPhase section */
		275C355513C9053E00B8EE12 /* Sources */ = {
			isa = PBXSourcesBuildPhase;
			buildActionMask = 2147483647;
			files = (
				275C356B13C9053E00B8EE12 /* main.m in Sources */,
				275C356E13C9053E00B8EE12 /* PlacesAppDelegate.m in Sources */,
				275C359013C90C9C00B8EE12 /* FlickrFetcher.m in Sources */,
				275C359113C90C9C00B8EE12 /* NSObject+SBJSON.m in Sources */,
				275C359213C90C9C00B8EE12 /* NSString+SBJSON.m in Sources */,
				275C359313C90C9C00B8EE12 /* SBJSON.m in Sources */,
				275C359413C90C9C00B8EE12 /* SBJsonBase.m in Sources */,
				275C359513C90C9C00B8EE12 /* SBJsonParser.m in Sources */,
				275C359613C90C9C00B8EE12 /* SBJsonWriter.m in Sources */,
				275C35B613C9119F00B8EE12 /* TopRatedTableViewController.m in Sources */,
				275C35B913C912C300B8EE12 /* MostRecentTableViewController.m in Sources */,
				27725C8713DFE20400288CE2 /* PlaceTableViewController.m in Sources */,
				27725C9313DFF0B300288CE2 /* PhotoViewController.m in Sources */,
			);
			runOnlyForDeploymentPostprocessing = 0;
		};
/* End PBXSourcesBuildPhase section */

/* Begin PBXVariantGroup section */
		275C356613C9053E00B8EE12 /* InfoPlist.strings */ = {
			isa = PBXVariantGroup;
			children = (
				275C356713C9053E00B8EE12 /* en */,
			);
			name = InfoPlist.strings;
			sourceTree = "<group>";
		};
		275C356F13C9053E00B8EE12 /* MainWindow.xib */ = {
			isa = PBXVariantGroup;
			children = (
				275C357013C9053E00B8EE12 /* en */,
			);
			name = MainWindow.xib;
			sourceTree = "<group>";
		};
/* End PBXVariantGroup section */

/* Begin XCBuildConfiguration section */
		275C357213C9053E00B8EE12 /* Debug */ = {
			isa = XCBuildConfiguration;
			buildSettings = {
				ARCHS = "$(ARCHS_STANDARD_32_BIT)";
				"CODE_SIGN_IDENTITY[sdk=iphoneos*]" = "iPhone Developer";
				GCC_C_LANGUAGE_STANDARD = gnu99;
				GCC_OPTIMIZATION_LEVEL = 0;
				GCC_PREPROCESSOR_DEFINITIONS = DEBUG;
				GCC_SYMBOLS_PRIVATE_EXTERN = NO;
				GCC_VERSION = com.apple.compilers.llvmgcc42;
				GCC_WARN_ABOUT_RETURN_TYPE = YES;
				GCC_WARN_UNUSED_VARIABLE = YES;
				IPHONEOS_DEPLOYMENT_TARGET = 4.3;
				SDKROOT = iphoneos;
			};
			name = Debug;
		};
		275C357313C9053E00B8EE12 /* Release */ = {
			isa = XCBuildConfiguration;
			buildSettings = {
				ARCHS = "$(ARCHS_STANDARD_32_BIT)";
				"CODE_SIGN_IDENTITY[sdk=iphoneos*]" = "iPhone Developer";
				GCC_C_LANGUAGE_STANDARD = gnu99;
				GCC_VERSION = com.apple.compilers.llvmgcc42;
				GCC_WARN_ABOUT_RETURN_TYPE = YES;
				GCC_WARN_UNUSED_VARIABLE = YES;
				IPHONEOS_DEPLOYMENT_TARGET = 4.3;
				OTHER_CFLAGS = "-DNS_BLOCK_ASSERTIONS=1";
				SDKROOT = iphoneos;
			};
			name = Release;
		};
		275C357513C9053E00B8EE12 /* Debug */ = {
			isa = XCBuildConfiguration;
			buildSettings = {
				ALWAYS_SEARCH_USER_PATHS = NO;
				COPY_PHASE_STRIP = NO;
				GCC_DYNAMIC_NO_PIC = NO;
				GCC_PRECOMPILE_PREFIX_HEADER = YES;
				GCC_PREFIX_HEADER = "Places/Places-Prefix.pch";
				INFOPLIST_FILE = "Places/Places-Info.plist";
				PRODUCT_NAME = "$(TARGET_NAME)";
				WRAPPER_EXTENSION = app;
			};
			name = Debug;
		};
		275C357613C9053E00B8EE12 /* Release */ = {
			isa = XCBuildConfiguration;
			buildSettings = {
				ALWAYS_SEARCH_USER_PATHS = NO;
				COPY_PHASE_STRIP = YES;
				GCC_PRECOMPILE_PREFIX_HEADER = YES;
				GCC_PREFIX_HEADER = "Places/Places-Prefix.pch";
				INFOPLIST_FILE = "Places/Places-Info.plist";
				PRODUCT_NAME = "$(TARGET_NAME)";
				VALIDATE_PRODUCT = YES;
				WRAPPER_EXTENSION = app;
			};
			name = Release;
		};
/* End XCBuildConfiguration section */

/* Begin XCConfigurationList section */
		275C355313C9053D00B8EE12 /* Build configuration list for PBXProject "Places" */ = {
			isa = XCConfigurationList;
			buildConfigurations = (
				275C357213C9053E00B8EE12 /* Debug */,
				275C357313C9053E00B8EE12 /* Release */,
			);
			defaultConfigurationIsVisible = 0;
			defaultConfigurationName = Release;
		};
		275C357413C9053E00B8EE12 /* Build configuration list for PBXNativeTarget "Places" */ = {
			isa = XCConfigurationList;
			buildConfigurations = (
				275C357513C9053E00B8EE12 /* Debug */,
				275C357613C9053E00B8EE12 /* Release */,
			);
			defaultConfigurationIsVisible = 0;
			defaultConfigurationName = Release;
		};
/* End XCConfigurationList section */
	};
	rootObject = 275C355013C9053D00B8EE12 /* Project object */;
}
